
Microsoft Visual Studio Solution File, Format Version 12.00
# Visual Studio Version 17
VisualStudioVersion = 17.11.35312.102
MinimumVisualStudioVersion = 10.0.40219.1
Project("{FAE04EC0-301F-11D3-BF4B-00C04F79EFBC}") = "ExamenPractico", "ExamenPractico.csproj", "{610AF7BE-D02B-463D-B08A-8618183584E6}"
EndProject
Global
	GlobalSection(SolutionConfigurationPlatforms) = preSolution
		Debug|Any CPU = Debug|Any CPU
		Release|Any CPU = Release|Any CPU
	EndGlobalSection
	GlobalSection(ProjectConfigurationPlatforms) = postSolution
		{610AF7BE-D02B-463D-B08A-8618183584E6}.Debug|Any CPU.ActiveCfg = Debug|Any CPU
		{610AF7BE-D02B-463D-B08A-8618183584E6}.Debug|Any CPU.Build.0 = Debug|Any CPU
		{610AF7BE-D02B-463D-B08A-8618183584E6}.Release|Any CPU.ActiveCfg = Release|Any CPU
		{610AF7BE-D02B-463D-B08A-8618183584E6}.Release|Any CPU.Build.0 = Release|Any CPU
	EndGlobalSection
	GlobalSection(SolutionProperties) = preSolution
		HideSolutionNode = FALSE
	EndGlobalSection
	GlobalSection(ExtensibilityGlobals) = postSolution
		SolutionGuid = {79414349-7294-46EB-826F-16111F5D7384}
	EndGlobalSection
EndGlobal
